{
  "version": 4,
  "terraform_version": "1.9.8",
  "serial": 25,
  "lineage": "b7bcc67a-6659-ce0b-1737-df782278ff86",
  "outputs": {
    "organization_url": {
      "value": "https://github.com/terraform-test-org-task",
      "type": "string"
    },
    "repository_url": {
      "value": "https://github.com/terraform-test-org-task/test-repo1",
      "type": "string"
    }
  },
  "resources": [
    {
      "mode": "managed",
      "type": "github_membership",
      "name": "members",
      "provider": "provider[\"registry.terraform.io/integrations/github\"]",
      "instances": [
        {
          "index_key": "VishalPG-SD",
          "schema_version": 0,
          "attributes": {
            "downgrade_on_destroy": false,
            "etag": "W/\"fa61e057b5548c1acdf70b768b1b1d4980413e6c5640bbdc6982ead0e1ccfad0\"",
            "id": "terraform-test-org-task:VishalPG-SD",
            "role": "admin",
            "username": "VishalPG-SD"
          },
          "sensitive_attributes": [],
          "private": "bnVsbA=="
        },
        {
          "index_key": "vinay-sdtech",
          "schema_version": 0,
          "attributes": {
            "downgrade_on_destroy": false,
            "etag": "W/\"86e907fa898941152fda71fe0631662023271a6ca4a280ce776044464355dd5a\"",
            "id": "terraform-test-org-task:vinay-sdtech",
            "role": "member",
            "username": "vinay-sdtech"
          },
          "sensitive_attributes": [],
          "private": "bnVsbA=="
        }
      ]
    },
    {
      "mode": "managed",
      "type": "github_organization_settings",
      "name": "org",
      "provider": "provider[\"registry.terraform.io/integrations/github\"]",
      "instances": [
        {
          "schema_version": 0,
          "attributes": {
            "advanced_security_enabled_for_new_repositories": false,
            "billing_email": "nishanth@studiodiseno.com",
            "blog": "",
            "company": "terraform-test-org-task",
            "default_repository_permission": "read",
            "dependabot_alerts_enabled_for_new_repositories": false,
            "dependabot_security_updates_enabled_for_new_repositories": false,
            "dependency_graph_enabled_for_new_repositories": false,
            "description": "",
            "email": "nishanth@studiodiseno.com",
            "has_organization_projects": true,
            "has_repository_projects": true,
            "id": "188444264",
            "location": "",
            "members_can_create_internal_repositories": false,
            "members_can_create_pages": true,
            "members_can_create_private_pages": true,
            "members_can_create_private_repositories": true,
            "members_can_create_public_pages": true,
            "members_can_create_public_repositories": true,
            "members_can_create_repositories": true,
            "members_can_fork_private_repositories": false,
            "name": "terraform-test-org-task",
            "secret_scanning_enabled_for_new_repositories": false,
            "secret_scanning_push_protection_enabled_for_new_repositories": false,
            "twitter_username": "",
            "web_commit_signoff_required": false
          },
          "sensitive_attributes": [],
          "private": "bnVsbA=="
        }
      ]
    },
    {
      "mode": "managed",
      "type": "github_repository",
      "name": "repo",
      "provider": "provider[\"registry.terraform.io/integrations/github\"]",
      "instances": [
        {
          "schema_version": 1,
          "attributes": {
            "allow_auto_merge": false,
            "allow_merge_commit": true,
            "allow_rebase_merge": true,
            "allow_squash_merge": true,
            "allow_update_branch": false,
            "archive_on_destroy": null,
            "archived": false,
            "auto_init": true,
            "default_branch": "main",
            "delete_branch_on_merge": false,
            "description": "Repository created via Terraform",
            "etag": "W/\"21486029cbae86450da727983ea3e2f50efb195be76be56c2dd980fe3b1d0c6c\"",
            "full_name": "terraform-test-org-task/test-repo1",
            "git_clone_url": "git://github.com/terraform-test-org-task/test-repo1.git",
            "gitignore_template": null,
            "has_discussions": false,
            "has_downloads": false,
            "has_issues": false,
            "has_projects": false,
            "has_wiki": false,
            "homepage_url": "",
            "html_url": "https://github.com/terraform-test-org-task/test-repo1",
            "http_clone_url": "https://github.com/terraform-test-org-task/test-repo1.git",
            "id": "test-repo1",
            "ignore_vulnerability_alerts_during_read": null,
            "is_template": false,
            "license_template": null,
            "merge_commit_message": "PR_TITLE",
            "merge_commit_title": "MERGE_MESSAGE",
            "name": "test-repo1",
            "node_id": "R_kgDONPPlyQ",
            "pages": [],
            "primary_language": "",
            "private": true,
            "repo_id": 888399305,
            "security_and_analysis": [],
            "squash_merge_commit_message": "COMMIT_MESSAGES",
            "squash_merge_commit_title": "COMMIT_OR_PR_TITLE",
            "ssh_clone_url": "git@github.com:terraform-test-org-task/test-repo1.git",
            "svn_url": "https://github.com/terraform-test-org-task/test-repo1",
            "template": [],
            "topics": [],
            "visibility": "private",
            "vulnerability_alerts": true,
            "web_commit_signoff_required": false
          },
          "sensitive_attributes": [],
          "private": "eyJzY2hlbWFfdmVyc2lvbiI6IjEifQ=="
        }
      ]
    },
    {
      "mode": "managed",
      "type": "github_repository_file",
      "name": "readme",
      "provider": "provider[\"registry.terraform.io/integrations/github\"]",
      "instances": [
        {
          "schema_version": 0,
          "attributes": {
            "branch": "main",
            "commit_author": "Terraform",
            "commit_email": "nishanth@studiodiseno.com",
            "commit_message": "Initial README.md",
            "commit_sha": "638a4cc02200d6dc20a55eb1e993fc89ddf8aa60",
            "content": "# test-repo1\n\n## Description\nRepository created via Terraform\n\n## Project Structure\n```\n├── src/\n├── docs/\n├── tests/\n└── config/\n```\n\n## Getting Started\nInstructions for setting up and running the project.\n\n### Prerequisites\n- List prerequisites here\n\n### Installation\n1. Clone the repository\n   ```bash\n   git clone https://github.com/terraform-test-org-task/test-repo1.git\n   ```\n2. Additional setup steps...\n\n## Usage\nHow to use this project...\n\n## Contributing\nGuidelines for contributing to this project.\n\n## Team\n- @VishalPG-SD (admin)\n- @vinay-sdtech (member)\n\n## License\nThis project is licensed under the MIT License - see the LICENSE file for details.\n",
            "file": "README.md",
            "id": "test-repo1/README.md",
            "overwrite_on_create": true,
            "ref": "main",
            "repository": "test-repo1",
            "sha": "2d4bf54894a57f1a3dcfde2eae9397e2e9727e11"
          },
          "sensitive_attributes": [],
          "private": "bnVsbA==",
          "dependencies": [
            "github_repository.repo"
          ]
        }
      ]
    }
  ],
  "check_results": null
}
